// !$*UTF8*$!
{
	archiveVersion = 1;
	classes = {
	};
	objectVersion = 56;
	objects = {

/* Begin PBXBuildFile section */
		A9D7985F2BBC7C6500E3DDF8 /* KeychainStorage.swift in Sources */ = {isa = PBXBuildFile; fileRef = A9D7985E2BBC7C6500E3DDF8 /* KeychainStorage.swift */; };
		A9D798622BBC7CEC00E3DDF8 /* KeychainSwift in Frameworks */ = {isa = PBXBuildFile; productRef = A9D798612BBC7CEC00E3DDF8 /* KeychainSwift */; };
		A9E305792BB048900087173E /* AppDelegate.swift in Sources */ = {isa = PBXBuildFile; fileRef = A9E305782BB048900087173E /* AppDelegate.swift */; };
		A9E3057B2BB048900087173E /* SceneDelegate.swift in Sources */ = {isa = PBXBuildFile; fileRef = A9E3057A2BB048900087173E /* SceneDelegate.swift */; };
		A9E3057D2BB048900087173E /* MainViewController.swift in Sources */ = {isa = PBXBuildFile; fileRef = A9E3057C2BB048900087173E /* MainViewController.swift */; };
		A9E305822BB048920087173E /* Assets.xcassets in Resources */ = {isa = PBXBuildFile; fileRef = A9E305812BB048920087173E /* Assets.xcassets */; };
		A9E305852BB048920087173E /* LaunchScreen.storyboard in Resources */ = {isa = PBXBuildFile; fileRef = A9E305832BB048920087173E /* LaunchScreen.storyboard */; };
		A9E3058E2BB04A360087173E /* Realm in Frameworks */ = {isa = PBXBuildFile; productRef = A9E3058D2BB04A360087173E /* Realm */; };
		A9E305902BB04A360087173E /* RealmSwift in Frameworks */ = {isa = PBXBuildFile; productRef = A9E3058F2BB04A360087173E /* RealmSwift */; };
		A9E305932BB04FF90087173E /* CategoriesTableViewController.swift in Sources */ = {isa = PBXBuildFile; fileRef = A9E305922BB04FF90087173E /* CategoriesTableViewController.swift */; };
		A9E305952BB050670087173E /* QuotesListViewController.swift in Sources */ = {isa = PBXBuildFile; fileRef = A9E305942BB050670087173E /* QuotesListViewController.swift */; };
		A9E305992BB0526E0087173E /* QuoteModel.swift in Sources */ = {isa = PBXBuildFile; fileRef = A9E305982BB0526E0087173E /* QuoteModel.swift */; };
		A9E3059B2BB053B20087173E /* Category.swift in Sources */ = {isa = PBXBuildFile; fileRef = A9E3059A2BB053B20087173E /* Category.swift */; };
		A9E3059F2BB05FE00087173E /* NetworkManager.swift in Sources */ = {isa = PBXBuildFile; fileRef = A9E3059E2BB05FE00087173E /* NetworkManager.swift */; };
		A9E305A12BB060BA0087173E /* RealmManager.swift in Sources */ = {isa = PBXBuildFile; fileRef = A9E305A02BB060BA0087173E /* RealmManager.swift */; };
/* End PBXBuildFile section */

/* Begin PBXFileReference section */
		A9D7985E2BBC7C6500E3DDF8 /* KeychainStorage.swift */ = {isa = PBXFileReference; fileEncoding = 4; lastKnownFileType = sourcecode.swift; path = KeychainStorage.swift; sourceTree = "<group>"; };
		A9E305752BB048900087173E /* QuotesRealm.app */ = {isa = PBXFileReference; explicitFileType = wrapper.application; includeInIndex = 0; path = QuotesRealm.app; sourceTree = BUILT_PRODUCTS_DIR; };
		A9E305782BB048900087173E /* AppDelegate.swift */ = {isa = PBXFileReference; lastKnownFileType = sourcecode.swift; path = AppDelegate.swift; sourceTree = "<group>"; };
		A9E3057A2BB048900087173E /* SceneDelegate.swift */ = {isa = PBXFileReference; lastKnownFileType = sourcecode.swift; path = SceneDelegate.swift; sourceTree = "<group>"; };
		A9E3057C2BB048900087173E /* MainViewController.swift */ = {isa = PBXFileReference; lastKnownFileType = sourcecode.swift; path = MainViewController.swift; sourceTree = "<group>"; };
		A9E305812BB048920087173E /* Assets.xcassets */ = {isa = PBXFileReference; lastKnownFileType = folder.assetcatalog; path = Assets.xcassets; sourceTree = "<group>"; };
		A9E305842BB048920087173E /* Base */ = {isa = PBXFileReference; lastKnownFileType = file.storyboard; name = Base; path = Base.lproj/LaunchScreen.storyboard; sourceTree = "<group>"; };
		A9E305862BB048920087173E /* Info.plist */ = {isa = PBXFileReference; lastKnownFileType = text.plist.xml; path = Info.plist; sourceTree = "<group>"; };
		A9E305922BB04FF90087173E /* CategoriesTableViewController.swift */ = {isa = PBXFileReference; lastKnownFileType = sourcecode.swift; path = CategoriesTableViewController.swift; sourceTree = "<group>"; };
		A9E305942BB050670087173E /* QuotesListViewController.swift */ = {isa = PBXFileReference; lastKnownFileType = sourcecode.swift; path = QuotesListViewController.swift; sourceTree = "<group>"; };
		A9E305982BB0526E0087173E /* QuoteModel.swift */ = {isa = PBXFileReference; lastKnownFileType = sourcecode.swift; path = QuoteModel.swift; sourceTree = "<group>"; };
		A9E3059A2BB053B20087173E /* Category.swift */ = {isa = PBXFileReference; lastKnownFileType = sourcecode.swift; path = Category.swift; sourceTree = "<group>"; };
		A9E3059E2BB05FE00087173E /* NetworkManager.swift */ = {isa = PBXFileReference; lastKnownFileType = sourcecode.swift; path = NetworkManager.swift; sourceTree = "<group>"; };
		A9E305A02BB060BA0087173E /* RealmManager.swift */ = {isa = PBXFileReference; lastKnownFileType = sourcecode.swift; path = RealmManager.swift; sourceTree = "<group>"; };
/* End PBXFileReference section */

/* Begin PBXFrameworksBuildPhase section */
		A9E305722BB048900087173E /* Frameworks */ = {
			isa = PBXFrameworksBuildPhase;
			buildActionMask = 2147483647;
			files = (
				A9D798622BBC7CEC00E3DDF8 /* KeychainSwift in Frameworks */,
				A9E305902BB04A360087173E /* RealmSwift in Frameworks */,
				A9E3058E2BB04A360087173E /* Realm in Frameworks */,
			);
			runOnlyForDeploymentPostprocessing = 0;
		};
/* End PBXFrameworksBuildPhase section */

/* Begin PBXGroup section */
		A9E3056C2BB048900087173E = {
			isa = PBXGroup;
			children = (
				A9E305772BB048900087173E /* QuotesRealm */,
				A9E305762BB048900087173E /* Products */,
			);
			sourceTree = "<group>";
		};
		A9E305762BB048900087173E /* Products */ = {
			isa = PBXGroup;
			children = (
				A9E305752BB048900087173E /* QuotesRealm.app */,
			);
			name = Products;
			sourceTree = "<group>";
		};
		A9E305772BB048900087173E /* QuotesRealm */ = {
			isa = PBXGroup;
			children = (
				A9E305912BB04D150087173E /* Common */,
				A9E3059C2BB0548D0087173E /* NetworkManager */,
				A9E3059D2BB054BF0087173E /* RealmManager */,
				A9E305972BB050EE0087173E /* Models */,
				A9E305962BB050D40087173E /* Views */,
				A9E305812BB048920087173E /* Assets.xcassets */,
				A9E305832BB048920087173E /* LaunchScreen.storyboard */,
				A9E305862BB048920087173E /* Info.plist */,
			);
			path = QuotesRealm;
			sourceTree = "<group>";
		};
		A9E305912BB04D150087173E /* Common */ = {
			isa = PBXGroup;
			children = (
				A9E305782BB048900087173E /* AppDelegate.swift */,
				A9E3057A2BB048900087173E /* SceneDelegate.swift */,
			);
			path = Common;
			sourceTree = "<group>";
		};
		A9E305962BB050D40087173E /* Views */ = {
			isa = PBXGroup;
			children = (
				A9E3057C2BB048900087173E /* MainViewController.swift */,
				A9E305942BB050670087173E /* QuotesListViewController.swift */,
				A9E305922BB04FF90087173E /* CategoriesTableViewController.swift */,
			);
			path = Views;
			sourceTree = "<group>";
		};
		A9E305972BB050EE0087173E /* Models */ = {
			isa = PBXGroup;
			children = (
				A9E305982BB0526E0087173E /* QuoteModel.swift */,
				A9E3059A2BB053B20087173E /* Category.swift */,
			);
			path = Models;
			sourceTree = "<group>";
		};
		A9E3059C2BB0548D0087173E /* NetworkManager */ = {
			isa = PBXGroup;
			children = (
				A9E3059E2BB05FE00087173E /* NetworkManager.swift */,
			);
			path = NetworkManager;
			sourceTree = "<group>";
		};
		A9E3059D2BB054BF0087173E /* RealmManager */ = {
			isa = PBXGroup;
			children = (
				A9E305A02BB060BA0087173E /* RealmManager.swift */,
				A9D7985E2BBC7C6500E3DDF8 /* KeychainStorage.swift */,
			);
			path = RealmManager;
			sourceTree = "<group>";
		};
/* End PBXGroup section */

/* Begin PBXNativeTarget section */
		A9E305742BB048900087173E /* QuotesRealm */ = {
			isa = PBXNativeTarget;
			buildConfigurationList = A9E305892BB048920087173E /* Build configuration list for PBXNativeTarget "QuotesRealm" */;
			buildPhases = (
				A9E305712BB048900087173E /* Sources */,
				A9E305722BB048900087173E /* Frameworks */,
				A9E305732BB048900087173E /* Resources */,
			);
			buildRules = (
			);
			dependencies = (
			);
			name = QuotesRealm;
			packageProductDependencies = (
				A9E3058D2BB04A360087173E /* Realm */,
				A9E3058F2BB04A360087173E /* RealmSwift */,
				A9D798612BBC7CEC00E3DDF8 /* KeychainSwift */,
			);
			productName = QuotesRealm;
			productReference = A9E305752BB048900087173E /* QuotesRealm.app */;
			productType = "com.apple.product-type.application";
		};
/* End PBXNativeTarget section */

/* Begin PBXProject section */
		A9E3056D2BB048900087173E /* Project object */ = {
			isa = PBXProject;
			attributes = {
				BuildIndependentTargetsInParallel = 1;
				LastSwiftUpdateCheck = 1520;
				LastUpgradeCheck = 1520;
				TargetAttributes = {
					A9E305742BB048900087173E = {
						CreatedOnToolsVersion = 15.2;
					};
				};
			};
			buildConfigurationList = A9E305702BB048900087173E /* Build configuration list for PBXProject "QuotesRealm" */;
			compatibilityVersion = "Xcode 14.0";
			developmentRegion = en;
			hasScannedForEncodings = 0;
			knownRegions = (
				en,
				Base,
			);
			mainGroup = A9E3056C2BB048900087173E;
			packageReferences = (
				A9E3058C2BB04A360087173E /* XCRemoteSwiftPackageReference "realm-swift" */,
				A9D798602BBC7CEC00E3DDF8 /* XCRemoteSwiftPackageReference "keychain-swift" */,
			);
			productRefGroup = A9E305762BB048900087173E /* Products */;
			projectDirPath = "";
			projectRoot = "";
			targets = (
				A9E305742BB048900087173E /* QuotesRealm */,
			);
		};
/* End PBXProject section */

/* Begin PBXResourcesBuildPhase section */
		A9E305732BB048900087173E /* Resources */ = {
			isa = PBXResourcesBuildPhase;
			buildActionMask = 2147483647;
			files = (
				A9E305852BB048920087173E /* LaunchScreen.storyboard in Resources */,
				A9E305822BB048920087173E /* Assets.xcassets in Resources */,
			);
			runOnlyForDeploymentPostprocessing = 0;
		};
/* End PBXResourcesBuildPhase section */

/* Begin PBXSourcesBuildPhase section */
		A9E305712BB048900087173E /* Sources */ = {
			isa = PBXSourcesBuildPhase;
			buildActionMask = 2147483647;
			files = (
				A9E305952BB050670087173E /* QuotesListViewController.swift in Sources */,
				A9E3057D2BB048900087173E /* MainViewController.swift in Sources */,
				A9E3059B2BB053B20087173E /* Category.swift in Sources */,
				A9E305992BB0526E0087173E /* QuoteModel.swift in Sources */,
				A9E3059F2BB05FE00087173E /* NetworkManager.swift in Sources */,
				A9E305A12BB060BA0087173E /* RealmManager.swift in Sources */,
				A9E305792BB048900087173E /* AppDelegate.swift in Sources */,
				A9D7985F2BBC7C6500E3DDF8 /* KeychainStorage.swift in Sources */,
				A9E3057B2BB048900087173E /* SceneDelegate.swift in Sources */,
				A9E305932BB04FF90087173E /* CategoriesTableViewController.swift in Sources */,
			);
			runOnlyForDeploymentPostprocessing = 0;
		};
/* End PBXSourcesBuildPhase section */

/* Begin PBXVariantGroup section */
		A9E305832BB048920087173E /* LaunchScreen.storyboard */ = {
			isa = PBXVariantGroup;
			children = (
				A9E305842BB048920087173E /* Base */,
			);
			name = LaunchScreen.storyboard;
			sourceTree = "<group>";
		};
/* End PBXVariantGroup section */

/* Begin XCBuildConfiguration section */
		A9E305872BB048920087173E /* Debug */ = {
			isa = XCBuildConfiguration;
			buildSettings = {
				ALWAYS_SEARCH_USER_PATHS = NO;
				ASSETCATALOG_COMPILER_GENERATE_SWIFT_ASSET_SYMBOL_EXTENSIONS = YES;
				CLANG_ANALYZER_NONNULL = YES;
				CLANG_ANALYZER_NUMBER_OBJECT_CONVERSION = YES_AGGRESSIVE;
				CLANG_CXX_LANGUAGE_STANDARD = "gnu++20";
				CLANG_ENABLE_MODULES = YES;
				CLANG_ENABLE_OBJC_ARC = YES;
				CLANG_ENABLE_OBJC_WEAK = YES;
				CLANG_WARN_BLOCK_CAPTURE_AUTORELEASING = YES;
				CLANG_WARN_BOOL_CONVERSION = YES;
				CLANG_WARN_COMMA = YES;
				CLANG_WARN_CONSTANT_CONVERSION = YES;
				CLANG_WARN_DEPRECATED_OBJC_IMPLEMENTATIONS = YES;
				CLANG_WARN_DIRECT_OBJC_ISA_USAGE = YES_ERROR;
				CLANG_WARN_DOCUMENTATION_COMMENTS = YES;
				CLANG_WARN_EMPTY_BODY = YES;
				CLANG_WARN_ENUM_CONVERSION = YES;
				CLANG_WARN_INFINITE_RECURSION = YES;
				CLANG_WARN_INT_CONVERSION = YES;
				CLANG_WARN_NON_LITERAL_NULL_CONVERSION = YES;
				CLANG_WARN_OBJC_IMPLICIT_RETAIN_SELF = YES;
				CLANG_WARN_OBJC_LITERAL_CONVERSION = YES;
				CLANG_WARN_OBJC_ROOT_CLASS = YES_ERROR;
				CLANG_WARN_QUOTED_INCLUDE_IN_FRAMEWORK_HEADER = YES;
				CLANG_WARN_RANGE_LOOP_ANALYSIS = YES;
				CLANG_WARN_STRICT_PROTOTYPES = YES;
				CLANG_WARN_SUSPICIOUS_MOVE = YES;
				CLANG_WARN_UNGUARDED_AVAILABILITY = YES_AGGRESSIVE;
				CLANG_WARN_UNREACHABLE_CODE = YES;
				CLANG_WARN__DUPLICATE_METHOD_MATCH = YES;
				COPY_PHASE_STRIP = NO;
				DEBUG_INFORMATION_FORMAT = dwarf;
				ENABLE_STRICT_OBJC_MSGSEND = YES;
				ENABLE_TESTABILITY = YES;
				ENABLE_USER_SCRIPT_SANDBOXING = YES;
				GCC_C_LANGUAGE_STANDARD = gnu17;
				GCC_DYNAMIC_NO_PIC = NO;
				GCC_NO_COMMON_BLOCKS = YES;
				GCC_OPTIMIZATION_LEVEL = 0;
				GCC_PREPROCESSOR_DEFINITIONS = (
					"DEBUG=1",
					"$(inherited)",
				);
				GCC_WARN_64_TO_32_BIT_CONVERSION = YES;
				GCC_WARN_ABOUT_RETURN_TYPE = YES_ERROR;
				GCC_WARN_UNDECLARED_SELECTOR = YES;
				GCC_WARN_UNINITIALIZED_AUTOS = YES_AGGRESSIVE;
				GCC_WARN_UNUSED_FUNCTION = YES;
				GCC_WARN_UNUSED_VARIABLE = YES;
				IPHONEOS_DEPLOYMENT_TARGET = 17.2;
				LOCALIZATION_PREFERS_STRING_CATALOGS = YES;
				MTL_ENABLE_DEBUG_INFO = INCLUDE_SOURCE;
				MTL_FAST_MATH = YES;
				ONLY_ACTIVE_ARCH = YES;
				SDKROOT = iphoneos;
				SWIFT_ACTIVE_COMPILATION_CONDITIONS = "DEBUG $(inherited)";
				SWIFT_OPTIMIZATION_LEVEL = "-Onone";
			};
			name = Debug;
		};
		A9E305882BB048920087173E /* Release */ = {
			isa = XCBuildConfiguration;
			buildSettings = {
				ALWAYS_SEARCH_USER_PATHS = NO;
				ASSETCATALOG_COMPILER_GENERATE_SWIFT_ASSET_SYMBOL_EXTENSIONS = YES;
				CLANG_ANALYZER_NONNULL = YES;
				CLANG_ANALYZER_NUMBER_OBJECT_CONVERSION = YES_AGGRESSIVE;
				CLANG_CXX_LANGUAGE_STANDARD = "gnu++20";
				CLANG_ENABLE_MODULES = YES;
				CLANG_ENABLE_OBJC_ARC = YES;
				CLANG_ENABLE_OBJC_WEAK = YES;
				CLANG_WARN_BLOCK_CAPTURE_AUTORELEASING = YES;
				CLANG_WARN_BOOL_CONVERSION = YES;
				CLANG_WARN_COMMA = YES;
				CLANG_WARN_CONSTANT_CONVERSION = YES;
				CLANG_WARN_DEPRECATED_OBJC_IMPLEMENTATIONS = YES;
				CLANG_WARN_DIRECT_OBJC_ISA_USAGE = YES_ERROR;
				CLANG_WARN_DOCUMENTATION_COMMENTS = YES;
				CLANG_WARN_EMPTY_BODY = YES;
				CLANG_WARN_ENUM_CONVERSION = YES;
				CLANG_WARN_INFINITE_RECURSION = YES;
				CLANG_WARN_INT_CONVERSION = YES;
				CLANG_WARN_NON_LITERAL_NULL_CONVERSION = YES;
				CLANG_WARN_OBJC_IMPLICIT_RETAIN_SELF = YES;
				CLANG_WARN_OBJC_LITERAL_CONVERSION = YES;
				CLANG_WARN_OBJC_ROOT_CLASS = YES_ERROR;
				CLANG_WARN_QUOTED_INCLUDE_IN_FRAMEWORK_HEADER = YES;
				CLANG_WARN_RANGE_LOOP_ANALYSIS = YES;
				CLANG_WARN_STRICT_PROTOTYPES = YES;
				CLANG_WARN_SUSPICIOUS_MOVE = YES;
				CLANG_WARN_UNGUARDED_AVAILABILITY = YES_AGGRESSIVE;
				CLANG_WARN_UNREACHABLE_CODE = YES;
				CLANG_WARN__DUPLICATE_METHOD_MATCH = YES;
				COPY_PHASE_STRIP = NO;
				DEBUG_INFORMATION_FORMAT = "dwarf-with-dsym";
				ENABLE_NS_ASSERTIONS = NO;
				ENABLE_STRICT_OBJC_MSGSEND = YES;
				ENABLE_USER_SCRIPT_SANDBOXING = YES;
				GCC_C_LANGUAGE_STANDARD = gnu17;
				GCC_NO_COMMON_BLOCKS = YES;
				GCC_WARN_64_TO_32_BIT_CONVERSION = YES;
				GCC_WARN_ABOUT_RETURN_TYPE = YES_ERROR;
				GCC_WARN_UNDECLARED_SELECTOR = YES;
				GCC_WARN_UNINITIALIZED_AUTOS = YES_AGGRESSIVE;
				GCC_WARN_UNUSED_FUNCTION = YES;
				GCC_WARN_UNUSED_VARIABLE = YES;
				IPHONEOS_DEPLOYMENT_TARGET = 17.2;
				LOCALIZATION_PREFERS_STRING_CATALOGS = YES;
				MTL_ENABLE_DEBUG_INFO = NO;
				MTL_FAST_MATH = YES;
				SDKROOT = iphoneos;
				SWIFT_COMPILATION_MODE = wholemodule;
				VALIDATE_PRODUCT = YES;
			};
			name = Release;
		};
		A9E3058A2BB048920087173E /* Debug */ = {
			isa = XCBuildConfiguration;
			buildSettings = {
				ASSETCATALOG_COMPILER_APPICON_NAME = AppIcon;
				ASSETCATALOG_COMPILER_GLOBAL_ACCENT_COLOR_NAME = AccentColor;
				CODE_SIGN_STYLE = Automatic;
				CURRENT_PROJECT_VERSION = 1;
				DEVELOPMENT_TEAM = GVZ5VP5Q9P;
				GENERATE_INFOPLIST_FILE = YES;
				INFOPLIST_FILE = QuotesRealm/Info.plist;
				INFOPLIST_KEY_UIApplicationSupportsIndirectInputEvents = YES;
				INFOPLIST_KEY_UILaunchStoryboardName = LaunchScreen;
				INFOPLIST_KEY_UISupportedInterfaceOrientations_iPad = "UIInterfaceOrientationPortrait UIInterfaceOrientationPortraitUpsideDown UIInterfaceOrientationLandscapeLeft UIInterfaceOrientationLandscapeRight";
				INFOPLIST_KEY_UISupportedInterfaceOrientations_iPhone = "UIInterfaceOrientationPortrait UIInterfaceOrientationLandscapeLeft UIInterfaceOrientationLandscapeRight";
				LD_RUNPATH_SEARCH_PATHS = (
					"$(inherited)",
					"@executable_path/Frameworks",
				);
				MARKETING_VERSION = 1.0;
				PRODUCT_BUNDLE_IDENTIFIER = m.vashkevich.QuotesRealm;
				PRODUCT_NAME = "$(TARGET_NAME)";
				SWIFT_EMIT_LOC_STRINGS = YES;
				SWIFT_VERSION = 5.0;
				TARGETED_DEVICE_FAMILY = "1,2";
			};
			name = Debug;
		};
		A9E3058B2BB048920087173E /* Release */ = {
			isa = XCBuildConfiguration;
			buildSettings = {
				ASSETCATALOG_COMPILER_APPICON_NAME = AppIcon;
				ASSETCATALOG_COMPILER_GLOBAL_ACCENT_COLOR_NAME = AccentColor;
				CODE_SIGN_STYLE = Automatic;
				CURRENT_PROJECT_VERSION = 1;
				DEVELOPMENT_TEAM = GVZ5VP5Q9P;
				GENERATE_INFOPLIST_FILE = YES;
				INFOPLIST_FILE = QuotesRealm/Info.plist;
				INFOPLIST_KEY_UIApplicationSupportsIndirectInputEvents = YES;
				INFOPLIST_KEY_UILaunchStoryboardName = LaunchScreen;
				INFOPLIST_KEY_UISupportedInterfaceOrientations_iPad = "UIInterfaceOrientationPortrait UIInterfaceOrientationPortraitUpsideDown UIInterfaceOrientationLandscapeLeft UIInterfaceOrientationLandscapeRight";
				INFOPLIST_KEY_UISupportedInterfaceOrientations_iPhone = "UIInterfaceOrientationPortrait UIInterfaceOrientationLandscapeLeft UIInterfaceOrientationLandscapeRight";
				LD_RUNPATH_SEARCH_PATHS = (
					"$(inherited)",
					"@executable_path/Frameworks",
				);
				MARKETING_VERSION = 1.0;
				PRODUCT_BUNDLE_IDENTIFIER = m.vashkevich.QuotesRealm;
				PRODUCT_NAME = "$(TARGET_NAME)";
				SWIFT_EMIT_LOC_STRINGS = YES;
				SWIFT_VERSION = 5.0;
				TARGETED_DEVICE_FAMILY = "1,2";
			};
			name = Release;
		};
/* End XCBuildConfiguration section */

/* Begin XCConfigurationList section */
		A9E305702BB048900087173E /* Build configuration list for PBXProject "QuotesRealm" */ = {
			isa = XCConfigurationList;
			buildConfigurations = (
				A9E305872BB048920087173E /* Debug */,
				A9E305882BB048920087173E /* Release */,
			);
			defaultConfigurationIsVisible = 0;
			defaultConfigurationName = Release;
		};
		A9E305892BB048920087173E /* Build configuration list for PBXNativeTarget "QuotesRealm" */ = {
			isa = XCConfigurationList;
			buildConfigurations = (
				A9E3058A2BB048920087173E /* Debug */,
				A9E3058B2BB048920087173E /* Release */,
			);
			defaultConfigurationIsVisible = 0;
			defaultConfigurationName = Release;
		};
/* End XCConfigurationList section */

/* Begin XCRemoteSwiftPackageReference section */
		A9D798602BBC7CEC00E3DDF8 /* XCRemoteSwiftPackageReference "keychain-swift" */ = {
			isa = XCRemoteSwiftPackageReference;
			repositoryURL = "https://github.com/evgenyneu/keychain-swift.git";
			requirement = {
				kind = upToNextMajorVersion;
				minimumVersion = 21.0.0;
			};
		};
		A9E3058C2BB04A360087173E /* XCRemoteSwiftPackageReference "realm-swift" */ = {
			isa = XCRemoteSwiftPackageReference;
			repositoryURL = "https://github.com/realm/realm-swift.git";
			requirement = {
				branch = master;
				kind = branch;
			};
		};
/* End XCRemoteSwiftPackageReference section */

/* Begin XCSwiftPackageProductDependency section */
		A9D798612BBC7CEC00E3DDF8 /* KeychainSwift */ = {
			isa = XCSwiftPackageProductDependency;
			package = A9D798602BBC7CEC00E3DDF8 /* XCRemoteSwiftPackageReference "keychain-swift" */;
			productName = KeychainSwift;
		};
		A9E3058D2BB04A360087173E /* Realm */ = {
			isa = XCSwiftPackageProductDependency;
			package = A9E3058C2BB04A360087173E /* XCRemoteSwiftPackageReference "realm-swift" */;
			productName = Realm;
		};
		A9E3058F2BB04A360087173E /* RealmSwift */ = {
			isa = XCSwiftPackageProductDependency;
			package = A9E3058C2BB04A360087173E /* XCRemoteSwiftPackageReference "realm-swift" */;
			productName = RealmSwift;
		};
/* End XCSwiftPackageProductDependency section */
	};
	rootObject = A9E3056D2BB048900087173E /* Project object */;
}
